// !$*UTF8*$!
{
	archiveVersion = 1;
	classes = {
	};
	objectVersion = 46;
	objects = {

/* Begin PBXBuildFile section */
		4661CBFE1BFAA732007398B7 /* ListagemViewController.swift in Sources */ = {isa = PBXBuildFile; fileRef = 4661CBFD1BFAA732007398B7 /* ListagemViewController.swift */; };
		4661CC3C1BFBFC86007398B7 /* ExtratoDetalhadoViewController.swift in Sources */ = {isa = PBXBuildFile; fileRef = 4661CC3B1BFBFC86007398B7 /* ExtratoDetalhadoViewController.swift */; };
		4661CC3E1BFC222B007398B7 /* ExtratoDetalhadoTableViewCell.swift in Sources */ = {isa = PBXBuildFile; fileRef = 4661CC3D1BFC222B007398B7 /* ExtratoDetalhadoTableViewCell.swift */; };
		46871AF21BF94E5A006E7CA6 /* ExtratoMensal.xcdatamodeld in Sources */ = {isa = PBXBuildFile; fileRef = 46871AF01BF94E5A006E7CA6 /* ExtratoMensal.xcdatamodeld */; };
		46A6B12B1BF93BA60016856E /* AppDelegate.swift in Sources */ = {isa = PBXBuildFile; fileRef = 46A6B12A1BF93BA60016856E /* AppDelegate.swift */; };
		46A6B12D1BF93BA60016856E /* InserirContaController.swift in Sources */ = {isa = PBXBuildFile; fileRef = 46A6B12C1BF93BA60016856E /* InserirContaController.swift */; };
		46A6B1301BF93BA60016856E /* Main.storyboard in Resources */ = {isa = PBXBuildFile; fileRef = 46A6B12E1BF93BA60016856E /* Main.storyboard */; };
		46A6B1351BF93BA60016856E /* Assets.xcassets in Resources */ = {isa = PBXBuildFile; fileRef = 46A6B1341BF93BA60016856E /* Assets.xcassets */; };
		46A6B1381BF93BA60016856E /* LaunchScreen.storyboard in Resources */ = {isa = PBXBuildFile; fileRef = 46A6B1361BF93BA60016856E /* LaunchScreen.storyboard */; };
		46A6B1431BF93BA60016856E /* ExtratoMensalTests.swift in Sources */ = {isa = PBXBuildFile; fileRef = 46A6B1421BF93BA60016856E /* ExtratoMensalTests.swift */; };
		46A6B14E1BF93BA60016856E /* ExtratoMensalUITests.swift in Sources */ = {isa = PBXBuildFile; fileRef = 46A6B14D1BF93BA60016856E /* ExtratoMensalUITests.swift */; };
		46BEEB971CC70D780049DD1A /* Localizable.strings in Resources */ = {isa = PBXBuildFile; fileRef = 46BEEB991CC70D780049DD1A /* Localizable.strings */; };
		46C6CF131C13752F008AD482 /* CoreLocation.framework in Frameworks */ = {isa = PBXBuildFile; fileRef = 46C6CF121C13752F008AD482 /* CoreLocation.framework */; };
		46D7E6CC1C012794001F1C3F /* ListagemTableViewCell.swift in Sources */ = {isa = PBXBuildFile; fileRef = 46D7E6CB1C012793001F1C3F /* ListagemTableViewCell.swift */; };
		46D7E6CE1C0145D4001F1C3F /* ListagemHeaderViewCell.swift in Sources */ = {isa = PBXBuildFile; fileRef = 46D7E6CD1C0145D4001F1C3F /* ListagemHeaderViewCell.swift */; };
		46F462821C03DFFD003B2EF1 /* ContaDetalhadaViewController.swift in Sources */ = {isa = PBXBuildFile; fileRef = 46F462811C03DFFD003B2EF1 /* ContaDetalhadaViewController.swift */; };
/* End PBXBuildFile section */

/* Begin PBXContainerItemProxy section */
		46A6B13F1BF93BA60016856E /* PBXContainerItemProxy */ = {
			isa = PBXContainerItemProxy;
			containerPortal = 46A6B11F1BF93BA60016856E /* Project object */;
			proxyType = 1;
			remoteGlobalIDString = 46A6B1261BF93BA60016856E;
			remoteInfo = ExtratoMensal;
		};
		46A6B14A1BF93BA60016856E /* PBXContainerItemProxy */ = {
			isa = PBXContainerItemProxy;
			containerPortal = 46A6B11F1BF93BA60016856E /* Project object */;
			proxyType = 1;
			remoteGlobalIDString = 46A6B1261BF93BA60016856E;
			remoteInfo = ExtratoMensal;
		};
/* End PBXContainerItemProxy section */

/* Begin PBXFileReference section */
		4661CBFD1BFAA732007398B7 /* ListagemViewController.swift */ = {isa = PBXFileReference; fileEncoding = 4; lastKnownFileType = sourcecode.swift; path = ListagemViewController.swift; sourceTree = "<group>"; };
		4661CC3B1BFBFC86007398B7 /* ExtratoDetalhadoViewController.swift */ = {isa = PBXFileReference; fileEncoding = 4; lastKnownFileType = sourcecode.swift; path = ExtratoDetalhadoViewController.swift; sourceTree = "<group>"; };
		4661CC3D1BFC222B007398B7 /* ExtratoDetalhadoTableViewCell.swift */ = {isa = PBXFileReference; fileEncoding = 4; lastKnownFileType = sourcecode.swift; path = ExtratoDetalhadoTableViewCell.swift; sourceTree = "<group>"; };
		4684A58F1C14EB7900341B51 /* ExtratoMensalV3.xcdatamodel */ = {isa = PBXFileReference; lastKnownFileType = wrapper.xcdatamodel; path = ExtratoMensalV3.xcdatamodel; sourceTree = "<group>"; };
		46871AF11BF94E5A006E7CA6 /* ExtratoMensal.xcdatamodel */ = {isa = PBXFileReference; lastKnownFileType = wrapper.xcdatamodel; path = ExtratoMensal.xcdatamodel; sourceTree = "<group>"; };
		46A6B1271BF93BA60016856E /* ExtratoMensal.app */ = {isa = PBXFileReference; explicitFileType = wrapper.application; includeInIndex = 0; path = ExtratoMensal.app; sourceTree = BUILT_PRODUCTS_DIR; };
		46A6B12A1BF93BA60016856E /* AppDelegate.swift */ = {isa = PBXFileReference; fileEncoding = 4; lastKnownFileType = sourcecode.swift; path = AppDelegate.swift; sourceTree = "<group>"; };
		46A6B12C1BF93BA60016856E /* InserirContaController.swift */ = {isa = PBXFileReference; lastKnownFileType = sourcecode.swift; path = InserirContaController.swift; sourceTree = "<group>"; };
		46A6B12F1BF93BA60016856E /* Base */ = {isa = PBXFileReference; lastKnownFileType = file.storyboard; name = Base; path = Base.lproj/Main.storyboard; sourceTree = "<group>"; };
		46A6B1341BF93BA60016856E /* Assets.xcassets */ = {isa = PBXFileReference; lastKnownFileType = folder.assetcatalog; path = Assets.xcassets; sourceTree = "<group>"; };
		46A6B1371BF93BA60016856E /* Base */ = {isa = PBXFileReference; lastKnownFileType = file.storyboard; name = Base; path = Base.lproj/LaunchScreen.storyboard; sourceTree = "<group>"; };
		46A6B1391BF93BA60016856E /* Info.plist */ = {isa = PBXFileReference; lastKnownFileType = text.plist.xml; path = Info.plist; sourceTree = "<group>"; };
		46A6B13E1BF93BA60016856E /* ExtratoMensalTests.xctest */ = {isa = PBXFileReference; explicitFileType = wrapper.cfbundle; includeInIndex = 0; path = ExtratoMensalTests.xctest; sourceTree = BUILT_PRODUCTS_DIR; };
		46A6B1421BF93BA60016856E /* ExtratoMensalTests.swift */ = {isa = PBXFileReference; lastKnownFileType = sourcecode.swift; path = ExtratoMensalTests.swift; sourceTree = "<group>"; };
		46A6B1441BF93BA60016856E /* Info.plist */ = {isa = PBXFileReference; lastKnownFileType = text.plist.xml; path = Info.plist; sourceTree = "<group>"; };
		46A6B1491BF93BA60016856E /* ExtratoMensalUITests.xctest */ = {isa = PBXFileReference; explicitFileType = wrapper.cfbundle; includeInIndex = 0; path = ExtratoMensalUITests.xctest; sourceTree = BUILT_PRODUCTS_DIR; };
		46A6B14D1BF93BA60016856E /* ExtratoMensalUITests.swift */ = {isa = PBXFileReference; lastKnownFileType = sourcecode.swift; path = ExtratoMensalUITests.swift; sourceTree = "<group>"; };
		46A6B14F1BF93BA60016856E /* Info.plist */ = {isa = PBXFileReference; lastKnownFileType = text.plist.xml; path = Info.plist; sourceTree = "<group>"; };
		46BEEB981CC70D780049DD1A /* Base */ = {isa = PBXFileReference; lastKnownFileType = text.plist.strings; name = Base; path = Base.lproj/Localizable.strings; sourceTree = "<group>"; };
		46BEEB9A1CC70D7B0049DD1A /* en */ = {isa = PBXFileReference; lastKnownFileType = text.plist.strings; name = en; path = en.lproj/Localizable.strings; sourceTree = "<group>"; };
		46BEEB9B1CC70D7C0049DD1A /* pt-BR */ = {isa = PBXFileReference; lastKnownFileType = text.plist.strings; name = "pt-BR"; path = "pt-BR.lproj/Localizable.strings"; sourceTree = "<group>"; };
		46BEEB9D1CC70DF00049DD1A /* en */ = {isa = PBXFileReference; lastKnownFileType = text.plist.strings; name = en; path = en.lproj/Main.strings; sourceTree = "<group>"; };
		46BEEB9F1CC70DF10049DD1A /* pt-BR */ = {isa = PBXFileReference; lastKnownFileType = text.plist.strings; name = "pt-BR"; path = "pt-BR.lproj/Main.strings"; sourceTree = "<group>"; };
		46C6CF121C13752F008AD482 /* CoreLocation.framework */ = {isa = PBXFileReference; lastKnownFileType = wrapper.framework; name = CoreLocation.framework; path = System/Library/Frameworks/CoreLocation.framework; sourceTree = SDKROOT; };
		46D7E6CB1C012793001F1C3F /* ListagemTableViewCell.swift */ = {isa = PBXFileReference; fileEncoding = 4; lastKnownFileType = sourcecode.swift; path = ListagemTableViewCell.swift; sourceTree = "<group>"; };
		46D7E6CD1C0145D4001F1C3F /* ListagemHeaderViewCell.swift */ = {isa = PBXFileReference; fileEncoding = 4; lastKnownFileType = sourcecode.swift; path = ListagemHeaderViewCell.swift; sourceTree = "<group>"; };
		46DBBD9E1C13DD1B00B2282A /* ExtratoMensalV2.xcdatamodel */ = {isa = PBXFileReference; lastKnownFileType = wrapper.xcdatamodel; path = ExtratoMensalV2.xcdatamodel; sourceTree = "<group>"; };
		46F462811C03DFFD003B2EF1 /* ContaDetalhadaViewController.swift */ = {isa = PBXFileReference; fileEncoding = 4; lastKnownFileType = sourcecode.swift; path = ContaDetalhadaViewController.swift; sourceTree = "<group>"; };
/* End PBXFileReference section */

/* Begin PBXFrameworksBuildPhase section */
		46A6B1241BF93BA60016856E /* Frameworks */ = {
			isa = PBXFrameworksBuildPhase;
			buildActionMask = 2147483647;
			files = (
				46C6CF131C13752F008AD482 /* CoreLocation.framework in Frameworks */,
			);
			runOnlyForDeploymentPostprocessing = 0;
		};
		46A6B13B1BF93BA60016856E /* Frameworks */ = {
			isa = PBXFrameworksBuildPhase;
			buildActionMask = 2147483647;
			files = (
			);
			runOnlyForDeploymentPostprocessing = 0;
		};
		46A6B1461BF93BA60016856E /* Frameworks */ = {
			isa = PBXFrameworksBuildPhase;
			buildActionMask = 2147483647;
			files = (
			);
			runOnlyForDeploymentPostprocessing = 0;
		};
/* End PBXFrameworksBuildPhase section */

/* Begin PBXGroup section */
		46A6B11E1BF93BA60016856E = {
			isa = PBXGroup;
			children = (
				46C6CF121C13752F008AD482 /* CoreLocation.framework */,
				46A6B1291BF93BA60016856E /* ExtratoMensal */,
				46A6B1411BF93BA60016856E /* ExtratoMensalTests */,
				46A6B14C1BF93BA60016856E /* ExtratoMensalUITests */,
				46A6B1281BF93BA60016856E /* Products */,
			);
			sourceTree = "<group>";
		};
		46A6B1281BF93BA60016856E /* Products */ = {
			isa = PBXGroup;
			children = (
				46A6B1271BF93BA60016856E /* ExtratoMensal.app */,
				46A6B13E1BF93BA60016856E /* ExtratoMensalTests.xctest */,
				46A6B1491BF93BA60016856E /* ExtratoMensalUITests.xctest */,
			);
			name = Products;
			sourceTree = "<group>";
		};
		46A6B1291BF93BA60016856E /* ExtratoMensal */ = {
			isa = PBXGroup;
			children = (
				46A6B12A1BF93BA60016856E /* AppDelegate.swift */,
				46A6B12C1BF93BA60016856E /* InserirContaController.swift */,
				4661CBFD1BFAA732007398B7 /* ListagemViewController.swift */,
				46D7E6CB1C012793001F1C3F /* ListagemTableViewCell.swift */,
				46D7E6CD1C0145D4001F1C3F /* ListagemHeaderViewCell.swift */,
				4661CC3B1BFBFC86007398B7 /* ExtratoDetalhadoViewController.swift */,
				4661CC3D1BFC222B007398B7 /* ExtratoDetalhadoTableViewCell.swift */,
				46F462811C03DFFD003B2EF1 /* ContaDetalhadaViewController.swift */,
				46A6B12E1BF93BA60016856E /* Main.storyboard */,
				46A6B1341BF93BA60016856E /* Assets.xcassets */,
				46A6B1361BF93BA60016856E /* LaunchScreen.storyboard */,
				46A6B1391BF93BA60016856E /* Info.plist */,
				46871AF01BF94E5A006E7CA6 /* ExtratoMensal.xcdatamodeld */,
				46BEEB991CC70D780049DD1A /* Localizable.strings */,
			);
			path = ExtratoMensal;
			sourceTree = "<group>";
		};
		46A6B1411BF93BA60016856E /* ExtratoMensalTests */ = {
			isa = PBXGroup;
			children = (
				46A6B1421BF93BA60016856E /* ExtratoMensalTests.swift */,
				46A6B1441BF93BA60016856E /* Info.plist */,
			);
			path = ExtratoMensalTests;
			sourceTree = "<group>";
		};
		46A6B14C1BF93BA60016856E /* ExtratoMensalUITests */ = {
			isa = PBXGroup;
			children = (
				46A6B14D1BF93BA60016856E /* ExtratoMensalUITests.swift */,
				46A6B14F1BF93BA60016856E /* Info.plist */,
			);
			path = ExtratoMensalUITests;
			sourceTree = "<group>";
		};
/* End PBXGroup section */

/* Begin PBXNativeTarget section */
		46A6B1261BF93BA60016856E /* ExtratoMensal */ = {
			isa = PBXNativeTarget;
			buildConfigurationList = 46A6B1521BF93BA60016856E /* Build configuration list for PBXNativeTarget "ExtratoMensal" */;
			buildPhases = (
				46A6B1231BF93BA60016856E /* Sources */,
				46A6B1241BF93BA60016856E /* Frameworks */,
				46A6B1251BF93BA60016856E /* Resources */,
			);
			buildRules = (
			);
			dependencies = (
			);
			name = ExtratoMensal;
			productName = ExtratoMensal;
			productReference = 46A6B1271BF93BA60016856E /* ExtratoMensal.app */;
			productType = "com.apple.product-type.application";
		};
		46A6B13D1BF93BA60016856E /* ExtratoMensalTests */ = {
			isa = PBXNativeTarget;
			buildConfigurationList = 46A6B1551BF93BA60016856E /* Build configuration list for PBXNativeTarget "ExtratoMensalTests" */;
			buildPhases = (
				46A6B13A1BF93BA60016856E /* Sources */,
				46A6B13B1BF93BA60016856E /* Frameworks */,
				46A6B13C1BF93BA60016856E /* Resources */,
			);
			buildRules = (
			);
			dependencies = (
				46A6B1401BF93BA60016856E /* PBXTargetDependency */,
			);
			name = ExtratoMensalTests;
			productName = ExtratoMensalTests;
			productReference = 46A6B13E1BF93BA60016856E /* ExtratoMensalTests.xctest */;
			productType = "com.apple.product-type.bundle.unit-test";
		};
		46A6B1481BF93BA60016856E /* ExtratoMensalUITests */ = {
			isa = PBXNativeTarget;
			buildConfigurationList = 46A6B1581BF93BA60016856E /* Build configuration list for PBXNativeTarget "ExtratoMensalUITests" */;
			buildPhases = (
				46A6B1451BF93BA60016856E /* Sources */,
				46A6B1461BF93BA60016856E /* Frameworks */,
				46A6B1471BF93BA60016856E /* Resources */,
			);
			buildRules = (
			);
			dependencies = (
				46A6B14B1BF93BA60016856E /* PBXTargetDependency */,
			);
			name = ExtratoMensalUITests;
			productName = ExtratoMensalUITests;
			productReference = 46A6B1491BF93BA60016856E /* ExtratoMensalUITests.xctest */;
			productType = "com.apple.product-type.bundle.ui-testing";
		};
/* End PBXNativeTarget section */

/* Begin PBXProject section */
		46A6B11F1BF93BA60016856E /* Project object */ = {
			isa = PBXProject;
			attributes = {
				LastSwiftUpdateCheck = 0710;
				LastUpgradeCheck = 0710;
				ORGANIZATIONNAME = "Olivan Aires";
				TargetAttributes = {
					46A6B1261BF93BA60016856E = {
						CreatedOnToolsVersion = 7.1.1;
						DevelopmentTeam = PJD9H93K57;
					};
					46A6B13D1BF93BA60016856E = {
						CreatedOnToolsVersion = 7.1.1;
						DevelopmentTeam = PJD9H93K57;
						TestTargetID = 46A6B1261BF93BA60016856E;
					};
					46A6B1481BF93BA60016856E = {
						CreatedOnToolsVersion = 7.1.1;
						DevelopmentTeam = PJD9H93K57;
						TestTargetID = 46A6B1261BF93BA60016856E;
					};
				};
			};
			buildConfigurationList = 46A6B1221BF93BA60016856E /* Build configuration list for PBXProject "ExtratoMensal" */;
			compatibilityVersion = "Xcode 3.2";
			developmentRegion = English;
			hasScannedForEncodings = 0;
			knownRegions = (
				en,
				Base,
				"pt-BR",
			);
			mainGroup = 46A6B11E1BF93BA60016856E;
			productRefGroup = 46A6B1281BF93BA60016856E /* Products */;
			projectDirPath = "";
			projectRoot = "";
			targets = (
				46A6B1261BF93BA60016856E /* ExtratoMensal */,
				46A6B13D1BF93BA60016856E /* ExtratoMensalTests */,
				46A6B1481BF93BA60016856E /* ExtratoMensalUITests */,
			);
		};
/* End PBXProject section */

/* Begin PBXResourcesBuildPhase section */
		46A6B1251BF93BA60016856E /* Resources */ = {
			isa = PBXResourcesBuildPhase;
			buildActionMask = 2147483647;
			files = (
				46A6B1381BF93BA60016856E /* LaunchScreen.storyboard in Resources */,
				46BEEB971CC70D780049DD1A /* Localizable.strings in Resources */,
				46A6B1351BF93BA60016856E /* Assets.xcassets in Resources */,
				46A6B1301BF93BA60016856E /* Main.storyboard in Resources */,
			);
			runOnlyForDeploymentPostprocessing = 0;
		};
		46A6B13C1BF93BA60016856E /* Resources */ = {
			isa = PBXResourcesBuildPhase;
			buildActionMask = 2147483647;
			files = (
			);
			runOnlyForDeploymentPostprocessing = 0;
		};
		46A6B1471BF93BA60016856E /* Resources */ = {
			isa = PBXResourcesBuildPhase;
			buildActionMask = 2147483647;
			files = (
			);
			runOnlyForDeploymentPostprocessing = 0;
		};
/* End PBXResourcesBuildPhase section */

/* Begin PBXSourcesBuildPhase section */
		46A6B1231BF93BA60016856E /* Sources */ = {
			isa = PBXSourcesBuildPhase;
			buildActionMask = 2147483647;
			files = (
				46D7E6CE1C0145D4001F1C3F /* ListagemHeaderViewCell.swift in Sources */,
				4661CBFE1BFAA732007398B7 /* ListagemViewController.swift in Sources */,
				4661CC3C1BFBFC86007398B7 /* ExtratoDetalhadoViewController.swift in Sources */,
				4661CC3E1BFC222B007398B7 /* ExtratoDetalhadoTableViewCell.swift in Sources */,
				46A6B12D1BF93BA60016856E /* InserirContaController.swift in Sources */,
				46F462821C03DFFD003B2EF1 /* ContaDetalhadaViewController.swift in Sources */,
				46A6B12B1BF93BA60016856E /* AppDelegate.swift in Sources */,
				46871AF21BF94E5A006E7CA6 /* ExtratoMensal.xcdatamodeld in Sources */,
				46D7E6CC1C012794001F1C3F /* ListagemTableViewCell.swift in Sources */,
			);
			runOnlyForDeploymentPostprocessing = 0;
		};
		46A6B13A1BF93BA60016856E /* Sources */ = {
			isa = PBXSourcesBuildPhase;
			buildActionMask = 2147483647;
			files = (
				46A6B1431BF93BA60016856E /* ExtratoMensalTests.swift in Sources */,
			);
			runOnlyForDeploymentPostprocessing = 0;
		};
		46A6B1451BF93BA60016856E /* Sources */ = {
			isa = PBXSourcesBuildPhase;
			buildActionMask = 2147483647;
			files = (
				46A6B14E1BF93BA60016856E /* ExtratoMensalUITests.swift in Sources */,
			);
			runOnlyForDeploymentPostprocessing = 0;
		};
/* End PBXSourcesBuildPhase section */

/* Begin PBXTargetDependency section */
		46A6B1401BF93BA60016856E /* PBXTargetDependency */ = {
			isa = PBXTargetDependency;
			target = 46A6B1261BF93BA60016856E /* ExtratoMensal */;
			targetProxy = 46A6B13F1BF93BA60016856E /* PBXContainerItemProxy */;
		};
		46A6B14B1BF93BA60016856E /* PBXTargetDependency */ = {
			isa = PBXTargetDependency;
			target = 46A6B1261BF93BA60016856E /* ExtratoMensal */;
			targetProxy = 46A6B14A1BF93BA60016856E /* PBXContainerItemProxy */;
		};
/* End PBXTargetDependency section */

/* Begin PBXVariantGroup section */
		46A6B12E1BF93BA60016856E /* Main.storyboard */ = {
			isa = PBXVariantGroup;
			children = (
				46A6B12F1BF93BA60016856E /* Base */,
				46BEEB9D1CC70DF00049DD1A /* en */,
				46BEEB9F1CC70DF10049DD1A /* pt-BR */,
			);
			name = Main.storyboard;
			sourceTree = "<group>";
		};
		46A6B1361BF93BA60016856E /* LaunchScreen.storyboard */ = {
			isa = PBXVariantGroup;
			children = (
				46A6B1371BF93BA60016856E /* Base */,
			);
			name = LaunchScreen.storyboard;
			sourceTree = "<group>";
		};
		46BEEB991CC70D780049DD1A /* Localizable.strings */ = {
			isa = PBXVariantGroup;
			children = (
				46BEEB981CC70D780049DD1A /* Base */,
				46BEEB9A1CC70D7B0049DD1A /* en */,
				46BEEB9B1CC70D7C0049DD1A /* pt-BR */,
			);
			name = Localizable.strings;
			sourceTree = "<group>";
		};
/* End PBXVariantGroup section */

/* Begin XCBuildConfiguration section */
		46A6B1501BF93BA60016856E /* Debug */ = {
			isa = XCBuildConfiguration;
			buildSettings = {
				ALWAYS_SEARCH_USER_PATHS = NO;
				CLANG_CXX_LANGUAGE_STANDARD = "gnu++0x";
				CLANG_CXX_LIBRARY = "libc++";
				CLANG_ENABLE_MODULES = YES;
				CLANG_ENABLE_OBJC_ARC = YES;
				CLANG_WARN_BOOL_CONVERSION = YES;
				CLANG_WARN_CONSTANT_CONVERSION = YES;
				CLANG_WARN_DIRECT_OBJC_ISA_USAGE = YES_ERROR;
				CLANG_WARN_EMPTY_BODY = YES;
				CLANG_WARN_ENUM_CONVERSION = YES;
				CLANG_WARN_INT_CONVERSION = YES;
				CLANG_WARN_OBJC_ROOT_CLASS = YES_ERROR;
				CLANG_WARN_UNREACHABLE_CODE = YES;
				CLANG_WARN__DUPLICATE_METHOD_MATCH = YES;
				"CODE_SIGN_IDENTITY[sdk=iphoneos*]" = "iPhone Developer";
				COPY_PHASE_STRIP = NO;
				DEBUG_INFORMATION_FORMAT = dwarf;
				ENABLE_STRICT_OBJC_MSGSEND = YES;
				ENABLE_TESTABILITY = YES;
				GCC_C_LANGUAGE_STANDARD = gnu99;
				GCC_DYNAMIC_NO_PIC = NO;
				GCC_NO_COMMON_BLOCKS = YES;
				GCC_OPTIMIZATION_LEVEL = 0;
				GCC_PREPROCESSOR_DEFINITIONS = (
					"DEBUG=1",
					"$(inherited)",
				);
				GCC_WARN_64_TO_32_BIT_CONVERSION = YES;
				GCC_WARN_ABOUT_RETURN_TYPE = YES_ERROR;
				GCC_WARN_UNDECLARED_SELECTOR = YES;
				GCC_WARN_UNINITIALIZED_AUTOS = YES_AGGRESSIVE;
				GCC_WARN_UNUSED_FUNCTION = YES;
				GCC_WARN_UNUSED_VARIABLE = YES;
				IPHONEOS_DEPLOYMENT_TARGET = 9.1;
				MTL_ENABLE_DEBUG_INFO = YES;
				ONLY_ACTIVE_ARCH = YES;
				SDKROOT = iphoneos;
				SWIFT_OPTIMIZATION_LEVEL = "-Onone";
				TARGETED_DEVICE_FAMILY = "1,2";
			};
			name = Debug;
		};
		46A6B1511BF93BA60016856E /* Release */ = {
			isa = XCBuildConfiguration;
			buildSettings = {
				ALWAYS_SEARCH_USER_PATHS = NO;
				CLANG_CXX_LANGUAGE_STANDARD = "gnu++0x";
				CLANG_CXX_LIBRARY = "libc++";
				CLANG_ENABLE_MODULES = YES;
				CLANG_ENABLE_OBJC_ARC = YES;
				CLANG_WARN_BOOL_CONVERSION = YES;
				CLANG_WARN_CONSTANT_CONVERSION = YES;
				CLANG_WARN_DIRECT_OBJC_ISA_USAGE = YES_ERROR;
				CLANG_WARN_EMPTY_BODY = YES;
				CLANG_WARN_ENUM_CONVERSION = YES;
				CLANG_WARN_INT_CONVERSION = YES;
				CLANG_WARN_OBJC_ROOT_CLASS = YES_ERROR;
				CLANG_WARN_UNREACHABLE_CODE = YES;
				CLANG_WARN__DUPLICATE_METHOD_MATCH = YES;
				"CODE_SIGN_IDENTITY[sdk=iphoneos*]" = "iPhone Developer";
				COPY_PHASE_STRIP = NO;
				DEBUG_INFORMATION_FORMAT = "dwarf-with-dsym";
				ENABLE_NS_ASSERTIONS = NO;
				ENABLE_STRICT_OBJC_MSGSEND = YES;
				GCC_C_LANGUAGE_STANDARD = gnu99;
				GCC_NO_COMMON_BLOCKS = YES;
				GCC_WARN_64_TO_32_BIT_CONVERSION = YES;
				GCC_WARN_ABOUT_RETURN_TYPE = YES_ERROR;
				GCC_WARN_UNDECLARED_SELECTOR = YES;
				GCC_WARN_UNINITIALIZED_AUTOS = YES_AGGRESSIVE;
				GCC_WARN_UNUSED_FUNCTION = YES;
				GCC_WARN_UNUSED_VARIABLE = YES;
				IPHONEOS_DEPLOYMENT_TARGET = 9.1;
				MTL_ENABLE_DEBUG_INFO = NO;
				SDKROOT = iphoneos;
				TARGETED_DEVICE_FAMILY = "1,2";
				VALIDATE_PRODUCT = YES;
			};
			name = Release;
		};
		46A6B1531BF93BA60016856E /* Debug */ = {
			isa = XCBuildConfiguration;
			buildSettings = {
				ASSETCATALOG_COMPILER_APPICON_NAME = AppIcon;
				CLANG_ENABLE_MODULES = YES;
				CODE_SIGN_IDENTITY = "iPhone Developer";
				"CODE_SIGN_IDENTITY[sdk=iphoneos*]" = "iPhone Developer";
				INFOPLIST_FILE = ExtratoMensal/Info.plist;
				IPHONEOS_DEPLOYMENT_TARGET = 9.1;
				LD_RUNPATH_SEARCH_PATHS = "$(inherited) @executable_path/Frameworks";
				PRODUCT_BUNDLE_IDENTIFIER = aires.olivan.extratomensal;
				PRODUCT_NAME = "$(TARGET_NAME)";
				PROVISIONING_PROFILE = "";
				SWIFT_OPTIMIZATION_LEVEL = "-Onone";
			};
			name = Debug;
		};
		46A6B1541BF93BA60016856E /* Release */ = {
			isa = XCBuildConfiguration;
			buildSettings = {
				ASSETCATALOG_COMPILER_APPICON_NAME = AppIcon;
				CLANG_ENABLE_MODULES = YES;
				CODE_SIGN_IDENTITY = "iPhone Developer";
				"CODE_SIGN_IDENTITY[sdk=iphoneos*]" = "iPhone Developer";
				INFOPLIST_FILE = ExtratoMensal/Info.plist;
				IPHONEOS_DEPLOYMENT_TARGET = 9.1;
				LD_RUNPATH_SEARCH_PATHS = "$(inherited) @executable_path/Frameworks";
				PRODUCT_BUNDLE_IDENTIFIER = aires.olivan.extratomensal;
				PRODUCT_NAME = "$(TARGET_NAME)";
				PROVISIONING_PROFILE = "";
			};
			name = Release;
		};
		46A6B1561BF93BA60016856E /* Debug */ = {
			isa = XCBuildConfiguration;
			buildSettings = {
				BUNDLE_LOADER = "$(TEST_HOST)";
				INFOPLIST_FILE = ExtratoMensalTests/Info.plist;
				LD_RUNPATH_SEARCH_PATHS = "$(inherited) @executable_path/Frameworks @loader_path/Frameworks";
				PRODUCT_BUNDLE_IDENTIFIER = "Olivan-Aires.ExtratoMensalTests";
				PRODUCT_NAME = "$(TARGET_NAME)";
				TEST_HOST = "$(BUILT_PRODUCTS_DIR)/ExtratoMensal.app/ExtratoMensal";
			};
			name = Debug;
		};
		46A6B1571BF93BA60016856E /* Release */ = {
			isa = XCBuildConfiguration;
			buildSettings = {
				BUNDLE_LOADER = "$(TEST_HOST)";
				INFOPLIST_FILE = ExtratoMensalTests/Info.plist;
				LD_RUNPATH_SEARCH_PATHS = "$(inherited) @executable_path/Frameworks @loader_path/Frameworks";
				PRODUCT_BUNDLE_IDENTIFIER = "Olivan-Aires.ExtratoMensalTests";
				PRODUCT_NAME = "$(TARGET_NAME)";
				TEST_HOST = "$(BUILT_PRODUCTS_DIR)/ExtratoMensal.app/ExtratoMensal";
			};
			name = Release;
		};
		46A6B1591BF93BA60016856E /* Debug */ = {
			isa = XCBuildConfiguration;
			buildSettings = {
				INFOPLIST_FILE = ExtratoMensalUITests/Info.plist;
				LD_RUNPATH_SEARCH_PATHS = "$(inherited) @executable_path/Frameworks @loader_path/Frameworks";
				PRODUCT_BUNDLE_IDENTIFIER = "Olivan-Aires.ExtratoMensalUITests";
				PRODUCT_NAME = "$(TARGET_NAME)";
				TEST_TARGET_NAME = ExtratoMensal;
				USES_XCTRUNNER = YES;
			};
			name = Debug;
		};
		46A6B15A1BF93BA60016856E /* Release */ = {
			isa = XCBuildConfiguration;
			buildSettings = {
				INFOPLIST_FILE = ExtratoMensalUITests/Info.plist;
				LD_RUNPATH_SEARCH_PATHS = "$(inherited) @executable_path/Frameworks @loader_path/Frameworks";
				PRODUCT_BUNDLE_IDENTIFIER = "Olivan-Aires.ExtratoMensalUITests";
				PRODUCT_NAME = "$(TARGET_NAME)";
				TEST_TARGET_NAME = ExtratoMensal;
				USES_XCTRUNNER = YES;
			};
			name = Release;
		};
/* End XCBuildConfiguration section */

/* Begin XCConfigurationList section */
		46A6B1221BF93BA60016856E /* Build configuration list for PBXProject "ExtratoMensal" */ = {
			isa = XCConfigurationList;
			buildConfigurations = (
				46A6B1501BF93BA60016856E /* Debug */,
				46A6B1511BF93BA60016856E /* Release */,
			);
			defaultConfigurationIsVisible = 0;
			defaultConfigurationName = Release;
		};
		46A6B1521BF93BA60016856E /* Build configuration list for PBXNativeTarget "ExtratoMensal" */ = {
			isa = XCConfigurationList;
			buildConfigurations = (
				46A6B1531BF93BA60016856E /* Debug */,
				46A6B1541BF93BA60016856E /* Release */,
			);
			defaultConfigurationIsVisible = 0;
			defaultConfigurationName = Release;
		};
		46A6B1551BF93BA60016856E /* Build configuration list for PBXNativeTarget "ExtratoMensalTests" */ = {
			isa = XCConfigurationList;
			buildConfigurations = (
				46A6B1561BF93BA60016856E /* Debug */,
				46A6B1571BF93BA60016856E /* Release */,
			);
			defaultConfigurationIsVisible = 0;
			defaultConfigurationName = Release;
		};
		46A6B1581BF93BA60016856E /* Build configuration list for PBXNativeTarget "ExtratoMensalUITests" */ = {
			isa = XCConfigurationList;
			buildConfigurations = (
				46A6B1591BF93BA60016856E /* Debug */,
				46A6B15A1BF93BA60016856E /* Release */,
			);
			defaultConfigurationIsVisible = 0;
			defaultConfigurationName = Release;
		};
/* End XCConfigurationList section */

/* Begin XCVersionGroup section */
		46871AF01BF94E5A006E7CA6 /* ExtratoMensal.xcdatamodeld */ = {
			isa = XCVersionGroup;
			children = (
				4684A58F1C14EB7900341B51 /* ExtratoMensalV3.xcdatamodel */,
				46DBBD9E1C13DD1B00B2282A /* ExtratoMensalV2.xcdatamodel */,
				46871AF11BF94E5A006E7CA6 /* ExtratoMensal.xcdatamodel */,
			);
			currentVersion = 46DBBD9E1C13DD1B00B2282A /* ExtratoMensalV2.xcdatamodel */;
			path = ExtratoMensal.xcdatamodeld;
			sourceTree = "<group>";
			versionGroupType = wrapper.xcdatamodel;
		};
/* End XCVersionGroup section */
	};
	rootObject = 46A6B11F1BF93BA60016856E /* Project object */;
}
